// !$*UTF8*$!
{
	archiveVersion = 1;
	classes = {
	};
	objectVersion = 56;
	objects = {

/* Begin PBXBuildFile section */
		283B43112A197DCB0073EA1B /* GoogleService-Info.plist in Resources */ = {isa = PBXBuildFile; fileRef = 283B43102A197DCB0073EA1B /* GoogleService-Info.plist */; };
		283B43142A1984870073EA1B /* SignInAuthError.swift in Sources */ = {isa = PBXBuildFile; fileRef = 283B43132A1984870073EA1B /* SignInAuthError.swift */; };
		283B43162A1989380073EA1B /* SignUpAuthError.swift in Sources */ = {isa = PBXBuildFile; fileRef = 283B43152A1989380073EA1B /* SignUpAuthError.swift */; };
		8348320C2A185FD600CE8E2D /* Listing.swift in Sources */ = {isa = PBXBuildFile; fileRef = 8348320B2A185FD600CE8E2D /* Listing.swift */; };
		838A74772A1BCF0A00F09DB8 /* ImageController.swift in Sources */ = {isa = PBXBuildFile; fileRef = 838A74762A1BCF0A00F09DB8 /* ImageController.swift */; };
		838A74792A1BDA9900F09DB8 /* RootView.swift in Sources */ = {isa = PBXBuildFile; fileRef = 838A74782A1BDA9900F09DB8 /* RootView.swift */; };
		83F97E8C2A16E9C0000CB670 /* haulerApp.swift in Sources */ = {isa = PBXBuildFile; fileRef = 83F97E8B2A16E9C0000CB670 /* haulerApp.swift */; };
		83F97E8E2A16E9C0000CB670 /* ContentView.swift in Sources */ = {isa = PBXBuildFile; fileRef = 83F97E8D2A16E9C0000CB670 /* ContentView.swift */; };
		83F97E902A16E9C6000CB670 /* Assets.xcassets in Resources */ = {isa = PBXBuildFile; fileRef = 83F97E8F2A16E9C6000CB670 /* Assets.xcassets */; };
		83F97E932A16E9C6000CB670 /* Preview Assets.xcassets in Resources */ = {isa = PBXBuildFile; fileRef = 83F97E922A16E9C6000CB670 /* Preview Assets.xcassets */; };
		83F97E9B2A16F075000CB670 /* FirebaseAuth in Frameworks */ = {isa = PBXBuildFile; productRef = 83F97E9A2A16F075000CB670 /* FirebaseAuth */; };
		83F97E9D2A16F075000CB670 /* FirebaseDatabase in Frameworks */ = {isa = PBXBuildFile; productRef = 83F97E9C2A16F075000CB670 /* FirebaseDatabase */; };
		83F97E9F2A16F075000CB670 /* FirebaseFirestore in Frameworks */ = {isa = PBXBuildFile; productRef = 83F97E9E2A16F075000CB670 /* FirebaseFirestore */; };
		83F97EA12A16F075000CB670 /* FirebaseFirestoreSwift in Frameworks */ = {isa = PBXBuildFile; productRef = 83F97EA02A16F075000CB670 /* FirebaseFirestoreSwift */; };
		83F97EA32A16F075000CB670 /* FirebaseStorage in Frameworks */ = {isa = PBXBuildFile; productRef = 83F97EA22A16F075000CB670 /* FirebaseStorage */; };
		83F97EA62A16F0EB000CB670 /* URLImage in Frameworks */ = {isa = PBXBuildFile; productRef = 83F97EA52A16F0EB000CB670 /* URLImage */; };
		83F97EAC2A16F156000CB670 /* AuthController.swift in Sources */ = {isa = PBXBuildFile; fileRef = 83F97EAB2A16F156000CB670 /* AuthController.swift */; };
		83F97EAE2A16F1AE000CB670 /* ListingController.swift in Sources */ = {isa = PBXBuildFile; fileRef = 83F97EAD2A16F1AE000CB670 /* ListingController.swift */; };
		83F97EB02A16F1DB000CB670 /* UserProfileController.swift in Sources */ = {isa = PBXBuildFile; fileRef = 83F97EAF2A16F1DB000CB670 /* UserProfileController.swift */; };
		83F97EB22A16F204000CB670 /* LocationController.swift in Sources */ = {isa = PBXBuildFile; fileRef = 83F97EB12A16F204000CB670 /* LocationController.swift */; };
		83F97EBF2A16F313000CB670 /* MainView.swift in Sources */ = {isa = PBXBuildFile; fileRef = 83F97EBE2A16F313000CB670 /* MainView.swift */; };
		83F97EC12A16F325000CB670 /* HomeView.swift in Sources */ = {isa = PBXBuildFile; fileRef = 83F97EC02A16F325000CB670 /* HomeView.swift */; };
		83F97EC32A16F33D000CB670 /* LoginView.swift in Sources */ = {isa = PBXBuildFile; fileRef = 83F97EC22A16F33D000CB670 /* LoginView.swift */; };
		83F97EC52A16F34B000CB670 /* SignUpView.swift in Sources */ = {isa = PBXBuildFile; fileRef = 83F97EC42A16F34B000CB670 /* SignUpView.swift */; };
		83F97EC72A16F359000CB670 /* ChatView.swift in Sources */ = {isa = PBXBuildFile; fileRef = 83F97EC62A16F359000CB670 /* ChatView.swift */; };
		83F97EC92A16F36E000CB670 /* FavoritesView.swift in Sources */ = {isa = PBXBuildFile; fileRef = 83F97EC82A16F36E000CB670 /* FavoritesView.swift */; };
		83F97ECB2A16F397000CB670 /* UserListingsView.swift in Sources */ = {isa = PBXBuildFile; fileRef = 83F97ECA2A16F397000CB670 /* UserListingsView.swift */; };
		83F97ECD2A16F3AD000CB670 /* ProfileView.swift in Sources */ = {isa = PBXBuildFile; fileRef = 83F97ECC2A16F3AD000CB670 /* ProfileView.swift */; };
		83F97ED02A16F3D2000CB670 /* productDetailView.swift in Sources */ = {isa = PBXBuildFile; fileRef = 83F97ECF2A16F3D2000CB670 /* productDetailView.swift */; };
		83F97ED22A16F3E4000CB670 /* CommentView.swift in Sources */ = {isa = PBXBuildFile; fileRef = 83F97ED12A16F3E4000CB670 /* CommentView.swift */; };
		83F97ED42A16F424000CB670 /* MessageDetailView.swift in Sources */ = {isa = PBXBuildFile; fileRef = 83F97ED32A16F424000CB670 /* MessageDetailView.swift */; };
		83F97ED62A16F7AF000CB670 /* MapView.swift in Sources */ = {isa = PBXBuildFile; fileRef = 83F97ED52A16F7AF000CB670 /* MapView.swift */; };
		83F97ED82A16F8B2000CB670 /* PostView.swift in Sources */ = {isa = PBXBuildFile; fileRef = 83F97ED72A16F8B2000CB670 /* PostView.swift */; };
		83F97EDA2A16F9E7000CB670 /* UserProfile.swift in Sources */ = {isa = PBXBuildFile; fileRef = 83F97ED92A16F9E7000CB670 /* UserProfile.swift */; };
		F8A77E692A1BFF3F005AF90A /* SearchBar.swift in Sources */ = {isa = PBXBuildFile; fileRef = F8A77E682A1BFF3F005AF90A /* SearchBar.swift */; };
/* End PBXBuildFile section */

/* Begin PBXFileReference section */
		283B43102A197DCB0073EA1B /* GoogleService-Info.plist */ = {isa = PBXFileReference; fileEncoding = 4; lastKnownFileType = text.plist.xml; path = "GoogleService-Info.plist"; sourceTree = "<group>"; };
		283B43132A1984870073EA1B /* SignInAuthError.swift */ = {isa = PBXFileReference; lastKnownFileType = sourcecode.swift; path = SignInAuthError.swift; sourceTree = "<group>"; };
		283B43152A1989380073EA1B /* SignUpAuthError.swift */ = {isa = PBXFileReference; lastKnownFileType = sourcecode.swift; path = SignUpAuthError.swift; sourceTree = "<group>"; };
		8348320B2A185FD600CE8E2D /* Listing.swift */ = {isa = PBXFileReference; lastKnownFileType = sourcecode.swift; path = Listing.swift; sourceTree = "<group>"; };
		838A74762A1BCF0A00F09DB8 /* ImageController.swift */ = {isa = PBXFileReference; lastKnownFileType = sourcecode.swift; path = ImageController.swift; sourceTree = "<group>"; };
		838A74782A1BDA9900F09DB8 /* RootView.swift */ = {isa = PBXFileReference; lastKnownFileType = sourcecode.swift; path = RootView.swift; sourceTree = "<group>"; };
		83F97E882A16E9C0000CB670 /* hauler.app */ = {isa = PBXFileReference; explicitFileType = wrapper.application; includeInIndex = 0; path = hauler.app; sourceTree = BUILT_PRODUCTS_DIR; };
		83F97E8B2A16E9C0000CB670 /* haulerApp.swift */ = {isa = PBXFileReference; lastKnownFileType = sourcecode.swift; path = haulerApp.swift; sourceTree = "<group>"; };
		83F97E8D2A16E9C0000CB670 /* ContentView.swift */ = {isa = PBXFileReference; lastKnownFileType = sourcecode.swift; path = ContentView.swift; sourceTree = "<group>"; };
		83F97E8F2A16E9C6000CB670 /* Assets.xcassets */ = {isa = PBXFileReference; lastKnownFileType = folder.assetcatalog; path = Assets.xcassets; sourceTree = "<group>"; };
		83F97E922A16E9C6000CB670 /* Preview Assets.xcassets */ = {isa = PBXFileReference; lastKnownFileType = folder.assetcatalog; path = "Preview Assets.xcassets"; sourceTree = "<group>"; };
		83F97EAB2A16F156000CB670 /* AuthController.swift */ = {isa = PBXFileReference; lastKnownFileType = sourcecode.swift; path = AuthController.swift; sourceTree = "<group>"; };
		83F97EAD2A16F1AE000CB670 /* ListingController.swift */ = {isa = PBXFileReference; lastKnownFileType = sourcecode.swift; path = ListingController.swift; sourceTree = "<group>"; };
		83F97EAF2A16F1DB000CB670 /* UserProfileController.swift */ = {isa = PBXFileReference; lastKnownFileType = sourcecode.swift; path = UserProfileController.swift; sourceTree = "<group>"; };
		83F97EB12A16F204000CB670 /* LocationController.swift */ = {isa = PBXFileReference; lastKnownFileType = sourcecode.swift; path = LocationController.swift; sourceTree = "<group>"; };
		83F97EBE2A16F313000CB670 /* MainView.swift */ = {isa = PBXFileReference; lastKnownFileType = sourcecode.swift; path = MainView.swift; sourceTree = "<group>"; };
		83F97EC02A16F325000CB670 /* HomeView.swift */ = {isa = PBXFileReference; lastKnownFileType = sourcecode.swift; path = HomeView.swift; sourceTree = "<group>"; };
		83F97EC22A16F33D000CB670 /* LoginView.swift */ = {isa = PBXFileReference; lastKnownFileType = sourcecode.swift; path = LoginView.swift; sourceTree = "<group>"; };
		83F97EC42A16F34B000CB670 /* SignUpView.swift */ = {isa = PBXFileReference; lastKnownFileType = sourcecode.swift; path = SignUpView.swift; sourceTree = "<group>"; };
		83F97EC62A16F359000CB670 /* ChatView.swift */ = {isa = PBXFileReference; lastKnownFileType = sourcecode.swift; path = ChatView.swift; sourceTree = "<group>"; };
		83F97EC82A16F36E000CB670 /* FavoritesView.swift */ = {isa = PBXFileReference; lastKnownFileType = sourcecode.swift; path = FavoritesView.swift; sourceTree = "<group>"; };
		83F97ECA2A16F397000CB670 /* UserListingsView.swift */ = {isa = PBXFileReference; lastKnownFileType = sourcecode.swift; path = UserListingsView.swift; sourceTree = "<group>"; };
		83F97ECC2A16F3AD000CB670 /* ProfileView.swift */ = {isa = PBXFileReference; lastKnownFileType = sourcecode.swift; path = ProfileView.swift; sourceTree = "<group>"; };
		83F97ECF2A16F3D2000CB670 /* productDetailView.swift */ = {isa = PBXFileReference; lastKnownFileType = sourcecode.swift; path = productDetailView.swift; sourceTree = "<group>"; };
		83F97ED12A16F3E4000CB670 /* CommentView.swift */ = {isa = PBXFileReference; lastKnownFileType = sourcecode.swift; path = CommentView.swift; sourceTree = "<group>"; };
		83F97ED32A16F424000CB670 /* MessageDetailView.swift */ = {isa = PBXFileReference; lastKnownFileType = sourcecode.swift; path = MessageDetailView.swift; sourceTree = "<group>"; };
		83F97ED52A16F7AF000CB670 /* MapView.swift */ = {isa = PBXFileReference; lastKnownFileType = sourcecode.swift; path = MapView.swift; sourceTree = "<group>"; };
		83F97ED72A16F8B2000CB670 /* PostView.swift */ = {isa = PBXFileReference; lastKnownFileType = sourcecode.swift; path = PostView.swift; sourceTree = "<group>"; };
		83F97ED92A16F9E7000CB670 /* UserProfile.swift */ = {isa = PBXFileReference; lastKnownFileType = sourcecode.swift; path = UserProfile.swift; sourceTree = "<group>"; };
		F8A77E682A1BFF3F005AF90A /* SearchBar.swift */ = {isa = PBXFileReference; lastKnownFileType = sourcecode.swift; path = SearchBar.swift; sourceTree = "<group>"; };
/* End PBXFileReference section */

/* Begin PBXFrameworksBuildPhase section */
		83F97E852A16E9C0000CB670 /* Frameworks */ = {
			isa = PBXFrameworksBuildPhase;
			buildActionMask = 2147483647;
			files = (
				83F97E9D2A16F075000CB670 /* FirebaseDatabase in Frameworks */,
				83F97E9B2A16F075000CB670 /* FirebaseAuth in Frameworks */,
				83F97E9F2A16F075000CB670 /* FirebaseFirestore in Frameworks */,
				83F97EA32A16F075000CB670 /* FirebaseStorage in Frameworks */,
				83F97EA62A16F0EB000CB670 /* URLImage in Frameworks */,
				83F97EA12A16F075000CB670 /* FirebaseFirestoreSwift in Frameworks */,
			);
			runOnlyForDeploymentPostprocessing = 0;
		};
/* End PBXFrameworksBuildPhase section */

/* Begin PBXGroup section */
		283B43122A1984680073EA1B /* helpers */ = {
			isa = PBXGroup;
			children = (
				283B43132A1984870073EA1B /* SignInAuthError.swift */,
				283B43152A1989380073EA1B /* SignUpAuthError.swift */,
			);
			path = helpers;
			sourceTree = "<group>";
		};
		83F97E7F2A16E9C0000CB670 = {
			isa = PBXGroup;
			children = (
				83F97E8A2A16E9C0000CB670 /* hauler */,
				83F97E892A16E9C0000CB670 /* Products */,
			);
			sourceTree = "<group>";
		};
		83F97E892A16E9C0000CB670 /* Products */ = {
			isa = PBXGroup;
			children = (
				83F97E882A16E9C0000CB670 /* hauler.app */,
			);
			name = Products;
			sourceTree = "<group>";
		};
		83F97E8A2A16E9C0000CB670 /* hauler */ = {
			isa = PBXGroup;
			children = (
				283B43122A1984680073EA1B /* helpers */,
				283B43102A197DCB0073EA1B /* GoogleService-Info.plist */,
				83F97EAA2A16F11F000CB670 /* controllers */,
				83F97EA82A16F10C000CB670 /* views */,
				83F97EA72A16F103000CB670 /* models */,
				83F97E8B2A16E9C0000CB670 /* haulerApp.swift */,
				83F97E8F2A16E9C6000CB670 /* Assets.xcassets */,
				83F97E912A16E9C6000CB670 /* Preview Content */,
			);
			path = hauler;
			sourceTree = "<group>";
		};
		83F97E912A16E9C6000CB670 /* Preview Content */ = {
			isa = PBXGroup;
			children = (
				83F97E922A16E9C6000CB670 /* Preview Assets.xcassets */,
			);
			path = "Preview Content";
			sourceTree = "<group>";
		};
		83F97EA72A16F103000CB670 /* models */ = {
			isa = PBXGroup;
			children = (
				83F97ED92A16F9E7000CB670 /* UserProfile.swift */,
				8348320B2A185FD600CE8E2D /* Listing.swift */,
			);
			path = models;
			sourceTree = "<group>";
		};
		83F97EA82A16F10C000CB670 /* views */ = {
			isa = PBXGroup;
			children = (
				83F97ECE2A16F3BD000CB670 /* subViews */,
				83F97EB62A16F247000CB670 /* userLoginViews */,
				83F97EB52A16F236000CB670 /* mainViews */,
				83F97E8D2A16E9C0000CB670 /* ContentView.swift */,
			);
			path = views;
			sourceTree = "<group>";
		};
		83F97EAA2A16F11F000CB670 /* controllers */ = {
			isa = PBXGroup;
			children = (
				83F97EAB2A16F156000CB670 /* AuthController.swift */,
				83F97EAD2A16F1AE000CB670 /* ListingController.swift */,
				83F97EAF2A16F1DB000CB670 /* UserProfileController.swift */,
				83F97EB12A16F204000CB670 /* LocationController.swift */,
				838A74762A1BCF0A00F09DB8 /* ImageController.swift */,
			);
			path = controllers;
			sourceTree = "<group>";
		};
		83F97EB52A16F236000CB670 /* mainViews */ = {
			isa = PBXGroup;
			children = (
				83F97EBE2A16F313000CB670 /* MainView.swift */,
				83F97EC02A16F325000CB670 /* HomeView.swift */,
				83F97EC62A16F359000CB670 /* ChatView.swift */,
				83F97EC82A16F36E000CB670 /* FavoritesView.swift */,
				83F97ECA2A16F397000CB670 /* UserListingsView.swift */,
				83F97ECC2A16F3AD000CB670 /* ProfileView.swift */,
				83F97ED72A16F8B2000CB670 /* PostView.swift */,
				838A74782A1BDA9900F09DB8 /* RootView.swift */,
			);
			path = mainViews;
			sourceTree = "<group>";
		};
		83F97EB62A16F247000CB670 /* userLoginViews */ = {
			isa = PBXGroup;
			children = (
				83F97EC22A16F33D000CB670 /* LoginView.swift */,
				83F97EC42A16F34B000CB670 /* SignUpView.swift */,
			);
			path = userLoginViews;
			sourceTree = "<group>";
		};
		83F97ECE2A16F3BD000CB670 /* subViews */ = {
			isa = PBXGroup;
			children = (
				83F97ECF2A16F3D2000CB670 /* productDetailView.swift */,
				83F97ED12A16F3E4000CB670 /* CommentView.swift */,
				83F97ED32A16F424000CB670 /* MessageDetailView.swift */,
				83F97ED52A16F7AF000CB670 /* MapView.swift */,
				F8A77E682A1BFF3F005AF90A /* SearchBar.swift */,
			);
			path = subViews;
			sourceTree = "<group>";
		};
/* End PBXGroup section */

/* Begin PBXNativeTarget section */
		83F97E872A16E9C0000CB670 /* hauler */ = {
			isa = PBXNativeTarget;
			buildConfigurationList = 83F97E962A16E9C6000CB670 /* Build configuration list for PBXNativeTarget "hauler" */;
			buildPhases = (
				83F97E842A16E9C0000CB670 /* Sources */,
				83F97E852A16E9C0000CB670 /* Frameworks */,
				83F97E862A16E9C0000CB670 /* Resources */,
			);
			buildRules = (
			);
			dependencies = (
			);
			name = hauler;
			packageProductDependencies = (
				83F97E9A2A16F075000CB670 /* FirebaseAuth */,
				83F97E9C2A16F075000CB670 /* FirebaseDatabase */,
				83F97E9E2A16F075000CB670 /* FirebaseFirestore */,
				83F97EA02A16F075000CB670 /* FirebaseFirestoreSwift */,
				83F97EA22A16F075000CB670 /* FirebaseStorage */,
				83F97EA52A16F0EB000CB670 /* URLImage */,
			);
			productName = hauler;
			productReference = 83F97E882A16E9C0000CB670 /* hauler.app */;
			productType = "com.apple.product-type.application";
		};
/* End PBXNativeTarget section */

/* Begin PBXProject section */
		83F97E802A16E9C0000CB670 /* Project object */ = {
			isa = PBXProject;
			attributes = {
				BuildIndependentTargetsInParallel = 1;
				LastSwiftUpdateCheck = 1430;
				LastUpgradeCheck = 1430;
				TargetAttributes = {
					83F97E872A16E9C0000CB670 = {
						CreatedOnToolsVersion = 14.3;
					};
				};
			};
			buildConfigurationList = 83F97E832A16E9C0000CB670 /* Build configuration list for PBXProject "hauler" */;
			compatibilityVersion = "Xcode 14.0";
			developmentRegion = en;
			hasScannedForEncodings = 0;
			knownRegions = (
				en,
				Base,
			);
			mainGroup = 83F97E7F2A16E9C0000CB670;
			packageReferences = (
				83F97E992A16F075000CB670 /* XCRemoteSwiftPackageReference "firebase-ios-sdk" */,
				83F97EA42A16F0EA000CB670 /* XCRemoteSwiftPackageReference "url-image" */,
			);
			productRefGroup = 83F97E892A16E9C0000CB670 /* Products */;
			projectDirPath = "";
			projectRoot = "";
			targets = (
				83F97E872A16E9C0000CB670 /* hauler */,
			);
		};
/* End PBXProject section */

/* Begin PBXResourcesBuildPhase section */
		83F97E862A16E9C0000CB670 /* Resources */ = {
			isa = PBXResourcesBuildPhase;
			buildActionMask = 2147483647;
			files = (
				83F97E932A16E9C6000CB670 /* Preview Assets.xcassets in Resources */,
				83F97E902A16E9C6000CB670 /* Assets.xcassets in Resources */,
				283B43112A197DCB0073EA1B /* GoogleService-Info.plist in Resources */,
			);
			runOnlyForDeploymentPostprocessing = 0;
		};
/* End PBXResourcesBuildPhase section */

/* Begin PBXSourcesBuildPhase section */
		83F97E842A16E9C0000CB670 /* Sources */ = {
			isa = PBXSourcesBuildPhase;
			buildActionMask = 2147483647;
			files = (
				83F97EAE2A16F1AE000CB670 /* ListingController.swift in Sources */,
				8348320C2A185FD600CE8E2D /* Listing.swift in Sources */,
				83F97E8E2A16E9C0000CB670 /* ContentView.swift in Sources */,
				283B43162A1989380073EA1B /* SignUpAuthError.swift in Sources */,
				83F97EBF2A16F313000CB670 /* MainView.swift in Sources */,
				83F97ED02A16F3D2000CB670 /* productDetailView.swift in Sources */,
				83F97EC32A16F33D000CB670 /* LoginView.swift in Sources */,
				83F97EC72A16F359000CB670 /* ChatView.swift in Sources */,
				83F97EC12A16F325000CB670 /* HomeView.swift in Sources */,
				83F97ED62A16F7AF000CB670 /* MapView.swift in Sources */,
				83F97EDA2A16F9E7000CB670 /* UserProfile.swift in Sources */,
				283B43142A1984870073EA1B /* SignInAuthError.swift in Sources */,
				83F97E8C2A16E9C0000CB670 /* haulerApp.swift in Sources */,
				F8A77E692A1BFF3F005AF90A /* SearchBar.swift in Sources */,
				83F97ED82A16F8B2000CB670 /* PostView.swift in Sources */,
				83F97EC52A16F34B000CB670 /* SignUpView.swift in Sources */,
				83F97EC92A16F36E000CB670 /* FavoritesView.swift in Sources */,
				83F97ED22A16F3E4000CB670 /* CommentView.swift in Sources */,
				83F97EB02A16F1DB000CB670 /* UserProfileController.swift in Sources */,
				83F97EB22A16F204000CB670 /* LocationController.swift in Sources */,
				83F97ECB2A16F397000CB670 /* UserListingsView.swift in Sources */,
				83F97ECD2A16F3AD000CB670 /* ProfileView.swift in Sources */,
				83F97ED42A16F424000CB670 /* MessageDetailView.swift in Sources */,
				83F97EAC2A16F156000CB670 /* AuthController.swift in Sources */,
				838A74772A1BCF0A00F09DB8 /* ImageController.swift in Sources */,
				838A74792A1BDA9900F09DB8 /* RootView.swift in Sources */,
			);
			runOnlyForDeploymentPostprocessing = 0;
		};
/* End PBXSourcesBuildPhase section */

/* Begin XCBuildConfiguration section */
		83F97E942A16E9C6000CB670 /* Debug */ = {
			isa = XCBuildConfiguration;
			buildSettings = {
				ALWAYS_SEARCH_USER_PATHS = NO;
				CLANG_ANALYZER_NONNULL = YES;
				CLANG_ANALYZER_NUMBER_OBJECT_CONVERSION = YES_AGGRESSIVE;
				CLANG_CXX_LANGUAGE_STANDARD = "gnu++20";
				CLANG_ENABLE_MODULES = YES;
				CLANG_ENABLE_OBJC_ARC = YES;
				CLANG_ENABLE_OBJC_WEAK = YES;
				CLANG_WARN_BLOCK_CAPTURE_AUTORELEASING = YES;
				CLANG_WARN_BOOL_CONVERSION = YES;
				CLANG_WARN_COMMA = YES;
				CLANG_WARN_CONSTANT_CONVERSION = YES;
				CLANG_WARN_DEPRECATED_OBJC_IMPLEMENTATIONS = YES;
				CLANG_WARN_DIRECT_OBJC_ISA_USAGE = YES_ERROR;
				CLANG_WARN_DOCUMENTATION_COMMENTS = YES;
				CLANG_WARN_EMPTY_BODY = YES;
				CLANG_WARN_ENUM_CONVERSION = YES;
				CLANG_WARN_INFINITE_RECURSION = YES;
				CLANG_WARN_INT_CONVERSION = YES;
				CLANG_WARN_NON_LITERAL_NULL_CONVERSION = YES;
				CLANG_WARN_OBJC_IMPLICIT_RETAIN_SELF = YES;
				CLANG_WARN_OBJC_LITERAL_CONVERSION = YES;
				CLANG_WARN_OBJC_ROOT_CLASS = YES_ERROR;
				CLANG_WARN_QUOTED_INCLUDE_IN_FRAMEWORK_HEADER = YES;
				CLANG_WARN_RANGE_LOOP_ANALYSIS = YES;
				CLANG_WARN_STRICT_PROTOTYPES = YES;
				CLANG_WARN_SUSPICIOUS_MOVE = YES;
				CLANG_WARN_UNGUARDED_AVAILABILITY = YES_AGGRESSIVE;
				CLANG_WARN_UNREACHABLE_CODE = YES;
				CLANG_WARN__DUPLICATE_METHOD_MATCH = YES;
				COPY_PHASE_STRIP = NO;
				DEBUG_INFORMATION_FORMAT = dwarf;
				ENABLE_STRICT_OBJC_MSGSEND = YES;
				ENABLE_TESTABILITY = YES;
				GCC_C_LANGUAGE_STANDARD = gnu11;
				GCC_DYNAMIC_NO_PIC = NO;
				GCC_NO_COMMON_BLOCKS = YES;
				GCC_OPTIMIZATION_LEVEL = 0;
				GCC_PREPROCESSOR_DEFINITIONS = (
					"DEBUG=1",
					"$(inherited)",
				);
				GCC_WARN_64_TO_32_BIT_CONVERSION = YES;
				GCC_WARN_ABOUT_RETURN_TYPE = YES_ERROR;
				GCC_WARN_UNDECLARED_SELECTOR = YES;
				GCC_WARN_UNINITIALIZED_AUTOS = YES_AGGRESSIVE;
				GCC_WARN_UNUSED_FUNCTION = YES;
				GCC_WARN_UNUSED_VARIABLE = YES;
				IPHONEOS_DEPLOYMENT_TARGET = 16.4;
				MTL_ENABLE_DEBUG_INFO = INCLUDE_SOURCE;
				MTL_FAST_MATH = YES;
				ONLY_ACTIVE_ARCH = YES;
				SDKROOT = iphoneos;
				SWIFT_ACTIVE_COMPILATION_CONDITIONS = DEBUG;
				SWIFT_OPTIMIZATION_LEVEL = "-Onone";
			};
			name = Debug;
		};
		83F97E952A16E9C6000CB670 /* Release */ = {
			isa = XCBuildConfiguration;
			buildSettings = {
				ALWAYS_SEARCH_USER_PATHS = NO;
				CLANG_ANALYZER_NONNULL = YES;
				CLANG_ANALYZER_NUMBER_OBJECT_CONVERSION = YES_AGGRESSIVE;
				CLANG_CXX_LANGUAGE_STANDARD = "gnu++20";
				CLANG_ENABLE_MODULES = YES;
				CLANG_ENABLE_OBJC_ARC = YES;
				CLANG_ENABLE_OBJC_WEAK = YES;
				CLANG_WARN_BLOCK_CAPTURE_AUTORELEASING = YES;
				CLANG_WARN_BOOL_CONVERSION = YES;
				CLANG_WARN_COMMA = YES;
				CLANG_WARN_CONSTANT_CONVERSION = YES;
				CLANG_WARN_DEPRECATED_OBJC_IMPLEMENTATIONS = YES;
				CLANG_WARN_DIRECT_OBJC_ISA_USAGE = YES_ERROR;
				CLANG_WARN_DOCUMENTATION_COMMENTS = YES;
				CLANG_WARN_EMPTY_BODY = YES;
				CLANG_WARN_ENUM_CONVERSION = YES;
				CLANG_WARN_INFINITE_RECURSION = YES;
				CLANG_WARN_INT_CONVERSION = YES;
				CLANG_WARN_NON_LITERAL_NULL_CONVERSION = YES;
				CLANG_WARN_OBJC_IMPLICIT_RETAIN_SELF = YES;
				CLANG_WARN_OBJC_LITERAL_CONVERSION = YES;
				CLANG_WARN_OBJC_ROOT_CLASS = YES_ERROR;
				CLANG_WARN_QUOTED_INCLUDE_IN_FRAMEWORK_HEADER = YES;
				CLANG_WARN_RANGE_LOOP_ANALYSIS = YES;
				CLANG_WARN_STRICT_PROTOTYPES = YES;
				CLANG_WARN_SUSPICIOUS_MOVE = YES;
				CLANG_WARN_UNGUARDED_AVAILABILITY = YES_AGGRESSIVE;
				CLANG_WARN_UNREACHABLE_CODE = YES;
				CLANG_WARN__DUPLICATE_METHOD_MATCH = YES;
				COPY_PHASE_STRIP = NO;
				DEBUG_INFORMATION_FORMAT = "dwarf-with-dsym";
				ENABLE_NS_ASSERTIONS = NO;
				ENABLE_STRICT_OBJC_MSGSEND = YES;
				GCC_C_LANGUAGE_STANDARD = gnu11;
				GCC_NO_COMMON_BLOCKS = YES;
				GCC_WARN_64_TO_32_BIT_CONVERSION = YES;
				GCC_WARN_ABOUT_RETURN_TYPE = YES_ERROR;
				GCC_WARN_UNDECLARED_SELECTOR = YES;
				GCC_WARN_UNINITIALIZED_AUTOS = YES_AGGRESSIVE;
				GCC_WARN_UNUSED_FUNCTION = YES;
				GCC_WARN_UNUSED_VARIABLE = YES;
				IPHONEOS_DEPLOYMENT_TARGET = 16.4;
				MTL_ENABLE_DEBUG_INFO = NO;
				MTL_FAST_MATH = YES;
				SDKROOT = iphoneos;
				SWIFT_COMPILATION_MODE = wholemodule;
				SWIFT_OPTIMIZATION_LEVEL = "-O";
				VALIDATE_PRODUCT = YES;
			};
			name = Release;
		};
		83F97E972A16E9C6000CB670 /* Debug */ = {
			isa = XCBuildConfiguration;
			buildSettings = {
				ASSETCATALOG_COMPILER_APPICON_NAME = AppIcon;
				ASSETCATALOG_COMPILER_GLOBAL_ACCENT_COLOR_NAME = AccentColor;
				CODE_SIGN_STYLE = Automatic;
				CURRENT_PROJECT_VERSION = 1;
				DEVELOPMENT_ASSET_PATHS = "\"hauler/Preview Content\"";
				DEVELOPMENT_TEAM = XXVRQ5LRDV;
				ENABLE_PREVIEWS = YES;
				GENERATE_INFOPLIST_FILE = YES;
				INFOPLIST_KEY_UIApplicationSceneManifest_Generation = YES;
				INFOPLIST_KEY_UIApplicationSupportsIndirectInputEvents = YES;
				INFOPLIST_KEY_UILaunchScreen_Generation = YES;
				INFOPLIST_KEY_UISupportedInterfaceOrientations_iPad = "UIInterfaceOrientationPortrait UIInterfaceOrientationPortraitUpsideDown UIInterfaceOrientationLandscapeLeft UIInterfaceOrientationLandscapeRight";
				INFOPLIST_KEY_UISupportedInterfaceOrientations_iPhone = "UIInterfaceOrientationPortrait UIInterfaceOrientationLandscapeLeft UIInterfaceOrientationLandscapeRight";
				IPHONEOS_DEPLOYMENT_TARGET = 16.2;
				LD_RUNPATH_SEARCH_PATHS = (
					"$(inherited)",
					"@executable_path/Frameworks",
				);
				MARKETING_VERSION = 1.0;
				PRODUCT_BUNDLE_IDENTIFIER = com.gp1.hauler;
				PRODUCT_NAME = "$(TARGET_NAME)";
				SWIFT_EMIT_LOC_STRINGS = YES;
				SWIFT_VERSION = 5.0;
				TARGETED_DEVICE_FAMILY = "1,2";
			};
			name = Debug;
		};
		83F97E982A16E9C6000CB670 /* Release */ = {
			isa = XCBuildConfiguration;
			buildSettings = {
				ASSETCATALOG_COMPILER_APPICON_NAME = AppIcon;
				ASSETCATALOG_COMPILER_GLOBAL_ACCENT_COLOR_NAME = AccentColor;
				CODE_SIGN_STYLE = Automatic;
				CURRENT_PROJECT_VERSION = 1;
				DEVELOPMENT_ASSET_PATHS = "\"hauler/Preview Content\"";
				DEVELOPMENT_TEAM = XXVRQ5LRDV;
				ENABLE_PREVIEWS = YES;
				GENERATE_INFOPLIST_FILE = YES;
				INFOPLIST_KEY_UIApplicationSceneManifest_Generation = YES;
				INFOPLIST_KEY_UIApplicationSupportsIndirectInputEvents = YES;
				INFOPLIST_KEY_UILaunchScreen_Generation = YES;
				INFOPLIST_KEY_UISupportedInterfaceOrientations_iPad = "UIInterfaceOrientationPortrait UIInterfaceOrientationPortraitUpsideDown UIInterfaceOrientationLandscapeLeft UIInterfaceOrientationLandscapeRight";
				INFOPLIST_KEY_UISupportedInterfaceOrientations_iPhone = "UIInterfaceOrientationPortrait UIInterfaceOrientationLandscapeLeft UIInterfaceOrientationLandscapeRight";
				IPHONEOS_DEPLOYMENT_TARGET = 16.2;
				LD_RUNPATH_SEARCH_PATHS = (
					"$(inherited)",
					"@executable_path/Frameworks",
				);
				MARKETING_VERSION = 1.0;
				PRODUCT_BUNDLE_IDENTIFIER = com.gp1.hauler;
				PRODUCT_NAME = "$(TARGET_NAME)";
				SWIFT_EMIT_LOC_STRINGS = YES;
				SWIFT_VERSION = 5.0;
				TARGETED_DEVICE_FAMILY = "1,2";
			};
			name = Release;
		};
/* End XCBuildConfiguration section */

/* Begin XCConfigurationList section */
		83F97E832A16E9C0000CB670 /* Build configuration list for PBXProject "hauler" */ = {
			isa = XCConfigurationList;
			buildConfigurations = (
				83F97E942A16E9C6000CB670 /* Debug */,
				83F97E952A16E9C6000CB670 /* Release */,
			);
			defaultConfigurationIsVisible = 0;
			defaultConfigurationName = Release;
		};
		83F97E962A16E9C6000CB670 /* Build configuration list for PBXNativeTarget "hauler" */ = {
			isa = XCConfigurationList;
			buildConfigurations = (
				83F97E972A16E9C6000CB670 /* Debug */,
				83F97E982A16E9C6000CB670 /* Release */,
			);
			defaultConfigurationIsVisible = 0;
			defaultConfigurationName = Release;
		};
/* End XCConfigurationList section */

/* Begin XCRemoteSwiftPackageReference section */
		83F97E992A16F075000CB670 /* XCRemoteSwiftPackageReference "firebase-ios-sdk" */ = {
			isa = XCRemoteSwiftPackageReference;
			repositoryURL = "https://github.com/firebase/firebase-ios-sdk";
			requirement = {
				kind = upToNextMajorVersion;
				minimumVersion = 10.0.0;
			};
		};
		83F97EA42A16F0EA000CB670 /* XCRemoteSwiftPackageReference "url-image" */ = {
			isa = XCRemoteSwiftPackageReference;
			repositoryURL = "https://github.com/dmytro-anokhin/url-image.git";
			requirement = {
				kind = upToNextMajorVersion;
				minimumVersion = 3.0.0;
			};
		};
/* End XCRemoteSwiftPackageReference section */

/* Begin XCSwiftPackageProductDependency section */
		83F97E9A2A16F075000CB670 /* FirebaseAuth */ = {
			isa = XCSwiftPackageProductDependency;
			package = 83F97E992A16F075000CB670 /* XCRemoteSwiftPackageReference "firebase-ios-sdk" */;
			productName = FirebaseAuth;
		};
		83F97E9C2A16F075000CB670 /* FirebaseDatabase */ = {
			isa = XCSwiftPackageProductDependency;
			package = 83F97E992A16F075000CB670 /* XCRemoteSwiftPackageReference "firebase-ios-sdk" */;
			productName = FirebaseDatabase;
		};
		83F97E9E2A16F075000CB670 /* FirebaseFirestore */ = {
			isa = XCSwiftPackageProductDependency;
			package = 83F97E992A16F075000CB670 /* XCRemoteSwiftPackageReference "firebase-ios-sdk" */;
			productName = FirebaseFirestore;
		};
		83F97EA02A16F075000CB670 /* FirebaseFirestoreSwift */ = {
			isa = XCSwiftPackageProductDependency;
			package = 83F97E992A16F075000CB670 /* XCRemoteSwiftPackageReference "firebase-ios-sdk" */;
			productName = FirebaseFirestoreSwift;
		};
		83F97EA22A16F075000CB670 /* FirebaseStorage */ = {
			isa = XCSwiftPackageProductDependency;
			package = 83F97E992A16F075000CB670 /* XCRemoteSwiftPackageReference "firebase-ios-sdk" */;
			productName = FirebaseStorage;
		};
		83F97EA52A16F0EB000CB670 /* URLImage */ = {
			isa = XCSwiftPackageProductDependency;
			package = 83F97EA42A16F0EA000CB670 /* XCRemoteSwiftPackageReference "url-image" */;
			productName = URLImage;
		};
/* End XCSwiftPackageProductDependency section */
	};
	rootObject = 83F97E802A16E9C0000CB670 /* Project object */;
}
